// !$*UTF8*$!
{
	archiveVersion = 1;
	classes = {
	};
	objectVersion = 46;
	objects = {

/* Begin PBXBuildFile section */
		06DB137A2455365F05636734 /* libPods-CafeApp-tvOSTests.a in Frameworks */ = {isa = PBXBuildFile; fileRef = 02E95D3AD05F38DB338E503C /* libPods-CafeApp-tvOSTests.a */; };
		07BA29DB237E43EC96E540B6 /* SFProText-Light.otf in Resources */ = {isa = PBXBuildFile; fileRef = 28BF93860E89417A8D342DF2 /* SFProText-Light.otf */; };
		0A48C61106764A15ABE332B7 /* FontAwesome5_Regular.ttf in Resources */ = {isa = PBXBuildFile; fileRef = D6FA0DAC11FB4275891B87D8 /* FontAwesome5_Regular.ttf */; };
		129213A3C229497F8725F8FE /* Foundation.ttf in Resources */ = {isa = PBXBuildFile; fileRef = 325D3F52FEAC445080899C18 /* Foundation.ttf */; };
		13B07FBC1A68108700A75B9A /* AppDelegate.m in Sources */ = {isa = PBXBuildFile; fileRef = 13B07FB01A68108700A75B9A /* AppDelegate.m */; };
		13B07FBF1A68108700A75B9A /* Images.xcassets in Resources */ = {isa = PBXBuildFile; fileRef = 13B07FB51A68108700A75B9A /* Images.xcassets */; };
		13B07FC11A68108700A75B9A /* main.m in Sources */ = {isa = PBXBuildFile; fileRef = 13B07FB71A68108700A75B9A /* main.m */; };
		1B328D438F684CFAB892A2B3 /* MaterialCommunityIcons.ttf in Resources */ = {isa = PBXBuildFile; fileRef = 22FB57E98BDE43FEA998D4A8 /* MaterialCommunityIcons.ttf */; };
		2D02E4BC1E0B4A80006451C7 /* AppDelegate.m in Sources */ = {isa = PBXBuildFile; fileRef = 13B07FB01A68108700A75B9A /* AppDelegate.m */; };
		2D02E4BD1E0B4A84006451C7 /* Images.xcassets in Resources */ = {isa = PBXBuildFile; fileRef = 13B07FB51A68108700A75B9A /* Images.xcassets */; };
		2D02E4BF1E0B4AB3006451C7 /* main.m in Sources */ = {isa = PBXBuildFile; fileRef = 13B07FB71A68108700A75B9A /* main.m */; };
		2DCD954D1E0B4F2C00145EB5 /* CafeAppTests.m in Sources */ = {isa = PBXBuildFile; fileRef = 00E356F21AD99517003FC87E /* CafeAppTests.m */; };
		333EFC418982446C900DE49E /* Roboto.ttf in Resources */ = {isa = PBXBuildFile; fileRef = 720062C4884F4398A2FD13EB /* Roboto.ttf */; };
		3A59A4C293424439A519124B /* SFProText-Bold.otf in Resources */ = {isa = PBXBuildFile; fileRef = 8D64D349F7EC4F2C8C025BB9 /* SFProText-Bold.otf */; };
		3EF97A9305FE4A4E9D20C520 /* Zocial.ttf in Resources */ = {isa = PBXBuildFile; fileRef = AB5B4B5EEB614E29B16EE6B1 /* Zocial.ttf */; };
		4AA0D25725EA12520031663D /* File.swift in Sources */ = {isa = PBXBuildFile; fileRef = 4AA0D25625EA12520031663D /* File.swift */; };
		6575CE780951486DA19234B0 /* SFProDisplay-Light.otf in Resources */ = {isa = PBXBuildFile; fileRef = 12CC40602BD949A785D19CF5 /* SFProDisplay-Light.otf */; };
		69915781C55A4F3CA007A727 /* MaterialIcons.ttf in Resources */ = {isa = PBXBuildFile; fileRef = FAB392BB96D74392BA987EF0 /* MaterialIcons.ttf */; };
		6E38A4C88FF144A5A6B7F6A1 /* rubicon-icon-font.ttf in Resources */ = {isa = PBXBuildFile; fileRef = 2BC6B732BD4441D58B8F2DBE /* rubicon-icon-font.ttf */; };
		7D7FEB68CC2F424C9B532E39 /* SFProDisplay-Regular.otf in Resources */ = {isa = PBXBuildFile; fileRef = 95A8878141D4411FA7CC6C1D /* SFProDisplay-Regular.otf */; };
		83A9926CFD84459690C766C1 /* SimpleLineIcons.ttf in Resources */ = {isa = PBXBuildFile; fileRef = DC5F4BE6AEA84AE9A3000FE3 /* SimpleLineIcons.ttf */; };
		85686536193444FC9BDF4720 /* Ionicons.ttf in Resources */ = {isa = PBXBuildFile; fileRef = E3897B5A5D4341339E0318D1 /* Ionicons.ttf */; };
		906E656797E74C239DD8A512 /* FontAwesome5_Brands.ttf in Resources */ = {isa = PBXBuildFile; fileRef = F65167B81B1D42E8A1F4C3A4 /* FontAwesome5_Brands.ttf */; };
		911B15AE61104650B68C8D22 /* Entypo.ttf in Resources */ = {isa = PBXBuildFile; fileRef = 5A28843A9A1B41689ACAA258 /* Entypo.ttf */; };
		92D70C3A56934737B11C3BED /* SFProText-Regular.otf in Resources */ = {isa = PBXBuildFile; fileRef = 32482C4E534349CCAC6EE8A3 /* SFProText-Regular.otf */; };
		9F7FDE08DB1A64AE0EB44918 /* libPods-CafeApp-tvOS.a in Frameworks */ = {isa = PBXBuildFile; fileRef = 85E1BA01929E7788E8261BF4 /* libPods-CafeApp-tvOS.a */; };
		A02E187F56A74641BC7B7521 /* Fontisto.ttf in Resources */ = {isa = PBXBuildFile; fileRef = 825A8E408A1F4F41ABD28425 /* Fontisto.ttf */; };
		A695BB2C4B134AC9ABDE0F38 /* FontAwesome5_Solid.ttf in Resources */ = {isa = PBXBuildFile; fileRef = BA6B501F7D0E4C0AA9801722 /* FontAwesome5_Solid.ttf */; };
		A7BFC1E51E694625BCDD04BD /* SFProDisplay-Bold.otf in Resources */ = {isa = PBXBuildFile; fileRef = CE0F43BB21664FF0A0C120AE /* SFProDisplay-Bold.otf */; };
		B611DFAABC2646A28EB16DA8 /* EvilIcons.ttf in Resources */ = {isa = PBXBuildFile; fileRef = DF81AB57B7654E40AE4CEF2D /* EvilIcons.ttf */; };
		BBD993648EA24C0182FC5CB4 /* Roboto_medium.ttf in Resources */ = {isa = PBXBuildFile; fileRef = 939D7B18AC754E44ABD1DBE0 /* Roboto_medium.ttf */; };
		D28FBD580E2A49E2A121CEBB /* Feather.ttf in Resources */ = {isa = PBXBuildFile; fileRef = 08E3C34332EC403A99E815A2 /* Feather.ttf */; };
		D36E838CAE63B1104CD18CCB /* libPods-CafeApp.a in Frameworks */ = {isa = PBXBuildFile; fileRef = 819E25C20CCA460459B8FCF1 /* libPods-CafeApp.a */; };
		DCE9941FF6724F489F696FB9 /* Octicons.ttf in Resources */ = {isa = PBXBuildFile; fileRef = 12C2B72E66534EAFACEC0F32 /* Octicons.ttf */; };
		DED711917456454A9B023D4F /* SFProText-Medium.otf in Resources */ = {isa = PBXBuildFile; fileRef = B51ECDFADD0D428BB5A787E7 /* SFProText-Medium.otf */; };
		E903CCF9EC3A4990A1B58ED0 /* FontAwesome.ttf in Resources */ = {isa = PBXBuildFile; fileRef = 79DE6ED689E3413991E03810 /* FontAwesome.ttf */; };
		F25F007E7E184A2AAC66F9E5 /* SFProDisplay-Medium.otf in Resources */ = {isa = PBXBuildFile; fileRef = A13B1E6109C047DAA454F764 /* SFProDisplay-Medium.otf */; };
		F474D252FBE04721946928BD /* AntDesign.ttf in Resources */ = {isa = PBXBuildFile; fileRef = 930C47780E244AA695F25F16 /* AntDesign.ttf */; };
/* End PBXBuildFile section */

/* Begin PBXContainerItemProxy section */
		2D02E4911E0B4A5D006451C7 /* PBXContainerItemProxy */ = {
			isa = PBXContainerItemProxy;
			containerPortal = 83CBB9F71A601CBA00E9B192 /* Project object */;
			proxyType = 1;
			remoteGlobalIDString = 2D02E47A1E0B4A5D006451C7;
			remoteInfo = "CafeApp-tvOS";
		};
/* End PBXContainerItemProxy section */

/* Begin PBXFileReference section */
		008F07F21AC5B25A0029DE68 /* main.jsbundle */ = {isa = PBXFileReference; fileEncoding = 4; lastKnownFileType = text; path = main.jsbundle; sourceTree = "<group>"; };
		00E356F11AD99517003FC87E /* Info.plist */ = {isa = PBXFileReference; lastKnownFileType = text.plist.xml; path = Info.plist; sourceTree = "<group>"; };
		00E356F21AD99517003FC87E /* CafeAppTests.m */ = {isa = PBXFileReference; lastKnownFileType = sourcecode.c.objc; path = CafeAppTests.m; sourceTree = "<group>"; };
		02E95D3AD05F38DB338E503C /* libPods-CafeApp-tvOSTests.a */ = {isa = PBXFileReference; explicitFileType = archive.ar; includeInIndex = 0; path = "libPods-CafeApp-tvOSTests.a"; sourceTree = BUILT_PRODUCTS_DIR; };
		0436E33DD9E7C299EEDCE263 /* Pods-CafeApp-tvOS.debug.xcconfig */ = {isa = PBXFileReference; includeInIndex = 1; lastKnownFileType = text.xcconfig; name = "Pods-CafeApp-tvOS.debug.xcconfig"; path = "Target Support Files/Pods-CafeApp-tvOS/Pods-CafeApp-tvOS.debug.xcconfig"; sourceTree = "<group>"; };
		07F1107A26D1B59B81B4F6B1 /* Pods-CafeApp-CafeAppTests.release.xcconfig */ = {isa = PBXFileReference; includeInIndex = 1; lastKnownFileType = text.xcconfig; name = "Pods-CafeApp-CafeAppTests.release.xcconfig"; path = "Target Support Files/Pods-CafeApp-CafeAppTests/Pods-CafeApp-CafeAppTests.release.xcconfig"; sourceTree = "<group>"; };
		08E3C34332EC403A99E815A2 /* Feather.ttf */ = {isa = PBXFileReference; explicitFileType = undefined; fileEncoding = 9; includeInIndex = 0; lastKnownFileType = unknown; name = Feather.ttf; path = "../node_modules/native-base/Fonts/Feather.ttf"; sourceTree = "<group>"; };
		12C2B72E66534EAFACEC0F32 /* Octicons.ttf */ = {isa = PBXFileReference; explicitFileType = undefined; fileEncoding = 9; includeInIndex = 0; lastKnownFileType = unknown; name = Octicons.ttf; path = "../node_modules/native-base/Fonts/Octicons.ttf"; sourceTree = "<group>"; };
		12CC40602BD949A785D19CF5 /* SFProDisplay-Light.otf */ = {isa = PBXFileReference; explicitFileType = undefined; fileEncoding = 9; includeInIndex = 0; lastKnownFileType = unknown; name = "SFProDisplay-Light.otf"; path = "../src/assets/fonts/SFProDisplay-Light.otf"; sourceTree = "<group>"; };
		13B07F961A680F5B00A75B9A /* CafeApp.app */ = {isa = PBXFileReference; explicitFileType = wrapper.application; includeInIndex = 0; path = CafeApp.app; sourceTree = BUILT_PRODUCTS_DIR; };
		13B07FAF1A68108700A75B9A /* AppDelegate.h */ = {isa = PBXFileReference; fileEncoding = 4; lastKnownFileType = sourcecode.c.h; name = AppDelegate.h; path = CafeApp/AppDelegate.h; sourceTree = "<group>"; };
		13B07FB01A68108700A75B9A /* AppDelegate.m */ = {isa = PBXFileReference; fileEncoding = 4; lastKnownFileType = sourcecode.c.objc; name = AppDelegate.m; path = CafeApp/AppDelegate.m; sourceTree = "<group>"; };
		13B07FB51A68108700A75B9A /* Images.xcassets */ = {isa = PBXFileReference; lastKnownFileType = folder.assetcatalog; name = Images.xcassets; path = CafeApp/Images.xcassets; sourceTree = "<group>"; };
		13B07FB61A68108700A75B9A /* Info.plist */ = {isa = PBXFileReference; fileEncoding = 4; lastKnownFileType = text.plist.xml; name = Info.plist; path = CafeApp/Info.plist; sourceTree = "<group>"; };
		13B07FB71A68108700A75B9A /* main.m */ = {isa = PBXFileReference; fileEncoding = 4; lastKnownFileType = sourcecode.c.objc; name = main.m; path = CafeApp/main.m; sourceTree = "<group>"; };
		18C6087266AD29F6E91F8DD7 /* Pods-CafeApp-tvOSTests.release.xcconfig */ = {isa = PBXFileReference; includeInIndex = 1; lastKnownFileType = text.xcconfig; name = "Pods-CafeApp-tvOSTests.release.xcconfig"; path = "Target Support Files/Pods-CafeApp-tvOSTests/Pods-CafeApp-tvOSTests.release.xcconfig"; sourceTree = "<group>"; };
		22FB57E98BDE43FEA998D4A8 /* MaterialCommunityIcons.ttf */ = {isa = PBXFileReference; explicitFileType = undefined; fileEncoding = 9; includeInIndex = 0; lastKnownFileType = unknown; name = MaterialCommunityIcons.ttf; path = "../node_modules/native-base/Fonts/MaterialCommunityIcons.ttf"; sourceTree = "<group>"; };
		23A7DBCD9428BEDA694DB744 /* Pods-CafeApp.debug.xcconfig */ = {isa = PBXFileReference; includeInIndex = 1; lastKnownFileType = text.xcconfig; name = "Pods-CafeApp.debug.xcconfig"; path = "Target Support Files/Pods-CafeApp/Pods-CafeApp.debug.xcconfig"; sourceTree = "<group>"; };
		24605CA57C0E1A76D6F65E9E /* Pods-CafeApp-tvOSTests.debug.xcconfig */ = {isa = PBXFileReference; includeInIndex = 1; lastKnownFileType = text.xcconfig; name = "Pods-CafeApp-tvOSTests.debug.xcconfig"; path = "Target Support Files/Pods-CafeApp-tvOSTests/Pods-CafeApp-tvOSTests.debug.xcconfig"; sourceTree = "<group>"; };
		28BF93860E89417A8D342DF2 /* SFProText-Light.otf */ = {isa = PBXFileReference; explicitFileType = undefined; fileEncoding = 9; includeInIndex = 0; lastKnownFileType = unknown; name = "SFProText-Light.otf"; path = "../src/assets/fonts/SFProText-Light.otf"; sourceTree = "<group>"; };
		2BC6B732BD4441D58B8F2DBE /* rubicon-icon-font.ttf */ = {isa = PBXFileReference; explicitFileType = undefined; fileEncoding = 9; includeInIndex = 0; lastKnownFileType = unknown; name = "rubicon-icon-font.ttf"; path = "../node_modules/native-base/Fonts/rubicon-icon-font.ttf"; sourceTree = "<group>"; };
		2D02E47B1E0B4A5D006451C7 /* CafeApp-tvOS.app */ = {isa = PBXFileReference; explicitFileType = wrapper.application; includeInIndex = 0; path = "CafeApp-tvOS.app"; sourceTree = BUILT_PRODUCTS_DIR; };
		2D02E4901E0B4A5D006451C7 /* CafeApp-tvOSTests.xctest */ = {isa = PBXFileReference; explicitFileType = wrapper.cfbundle; includeInIndex = 0; path = "CafeApp-tvOSTests.xctest"; sourceTree = BUILT_PRODUCTS_DIR; };
		32482C4E534349CCAC6EE8A3 /* SFProText-Regular.otf */ = {isa = PBXFileReference; explicitFileType = undefined; fileEncoding = 9; includeInIndex = 0; lastKnownFileType = unknown; name = "SFProText-Regular.otf"; path = "../src/assets/fonts/SFProText-Regular.otf"; sourceTree = "<group>"; };
		325D3F52FEAC445080899C18 /* Foundation.ttf */ = {isa = PBXFileReference; explicitFileType = undefined; fileEncoding = 9; includeInIndex = 0; lastKnownFileType = unknown; name = Foundation.ttf; path = "../node_modules/native-base/Fonts/Foundation.ttf"; sourceTree = "<group>"; };
		4AA0D25525EA12510031663D /* CafeApp-Bridging-Header.h */ = {isa = PBXFileReference; lastKnownFileType = sourcecode.c.h; path = "CafeApp-Bridging-Header.h"; sourceTree = "<group>"; };
		4AA0D25625EA12520031663D /* File.swift */ = {isa = PBXFileReference; fileEncoding = 4; lastKnownFileType = sourcecode.swift; path = File.swift; sourceTree = "<group>"; };
		5A28843A9A1B41689ACAA258 /* Entypo.ttf */ = {isa = PBXFileReference; explicitFileType = undefined; fileEncoding = 9; includeInIndex = 0; lastKnownFileType = unknown; name = Entypo.ttf; path = "../node_modules/native-base/Fonts/Entypo.ttf"; sourceTree = "<group>"; };
		720062C4884F4398A2FD13EB /* Roboto.ttf */ = {isa = PBXFileReference; explicitFileType = undefined; fileEncoding = 9; includeInIndex = 0; lastKnownFileType = unknown; name = Roboto.ttf; path = "../node_modules/native-base/Fonts/Roboto.ttf"; sourceTree = "<group>"; };
		773FCF2CC7E188BA4111DD84 /* Pods-CafeApp-CafeAppTests.debug.xcconfig */ = {isa = PBXFileReference; includeInIndex = 1; lastKnownFileType = text.xcconfig; name = "Pods-CafeApp-CafeAppTests.debug.xcconfig"; path = "Target Support Files/Pods-CafeApp-CafeAppTests/Pods-CafeApp-CafeAppTests.debug.xcconfig"; sourceTree = "<group>"; };
		79DE6ED689E3413991E03810 /* FontAwesome.ttf */ = {isa = PBXFileReference; explicitFileType = undefined; fileEncoding = 9; includeInIndex = 0; lastKnownFileType = unknown; name = FontAwesome.ttf; path = "../node_modules/native-base/Fonts/FontAwesome.ttf"; sourceTree = "<group>"; };
		819E25C20CCA460459B8FCF1 /* libPods-CafeApp.a */ = {isa = PBXFileReference; explicitFileType = archive.ar; includeInIndex = 0; path = "libPods-CafeApp.a"; sourceTree = BUILT_PRODUCTS_DIR; };
		81EF9FCBD6D93D4DB59989A6 /* libPods-CafeApp-CafeAppTests.a */ = {isa = PBXFileReference; explicitFileType = archive.ar; includeInIndex = 0; path = "libPods-CafeApp-CafeAppTests.a"; sourceTree = BUILT_PRODUCTS_DIR; };
		825A8E408A1F4F41ABD28425 /* Fontisto.ttf */ = {isa = PBXFileReference; explicitFileType = undefined; fileEncoding = 9; includeInIndex = 0; lastKnownFileType = unknown; name = Fontisto.ttf; path = "../node_modules/native-base/Fonts/Fontisto.ttf"; sourceTree = "<group>"; };
		85E1BA01929E7788E8261BF4 /* libPods-CafeApp-tvOS.a */ = {isa = PBXFileReference; explicitFileType = archive.ar; includeInIndex = 0; path = "libPods-CafeApp-tvOS.a"; sourceTree = BUILT_PRODUCTS_DIR; };
		8D64D349F7EC4F2C8C025BB9 /* SFProText-Bold.otf */ = {isa = PBXFileReference; explicitFileType = undefined; fileEncoding = 9; includeInIndex = 0; lastKnownFileType = unknown; name = "SFProText-Bold.otf"; path = "../src/assets/fonts/SFProText-Bold.otf"; sourceTree = "<group>"; };
		930C47780E244AA695F25F16 /* AntDesign.ttf */ = {isa = PBXFileReference; explicitFileType = undefined; fileEncoding = 9; includeInIndex = 0; lastKnownFileType = unknown; name = AntDesign.ttf; path = "../node_modules/native-base/Fonts/AntDesign.ttf"; sourceTree = "<group>"; };
		939D7B18AC754E44ABD1DBE0 /* Roboto_medium.ttf */ = {isa = PBXFileReference; explicitFileType = undefined; fileEncoding = 9; includeInIndex = 0; lastKnownFileType = unknown; name = Roboto_medium.ttf; path = "../node_modules/native-base/Fonts/Roboto_medium.ttf"; sourceTree = "<group>"; };
		95A8878141D4411FA7CC6C1D /* SFProDisplay-Regular.otf */ = {isa = PBXFileReference; explicitFileType = undefined; fileEncoding = 9; includeInIndex = 0; lastKnownFileType = unknown; name = "SFProDisplay-Regular.otf"; path = "../src/assets/fonts/SFProDisplay-Regular.otf"; sourceTree = "<group>"; };
		9C83B0A790A43B6D3E858798 /* Pods-CafeApp.release.xcconfig */ = {isa = PBXFileReference; includeInIndex = 1; lastKnownFileType = text.xcconfig; name = "Pods-CafeApp.release.xcconfig"; path = "Target Support Files/Pods-CafeApp/Pods-CafeApp.release.xcconfig"; sourceTree = "<group>"; };
		A13B1E6109C047DAA454F764 /* SFProDisplay-Medium.otf */ = {isa = PBXFileReference; explicitFileType = undefined; fileEncoding = 9; includeInIndex = 0; lastKnownFileType = unknown; name = "SFProDisplay-Medium.otf"; path = "../src/assets/fonts/SFProDisplay-Medium.otf"; sourceTree = "<group>"; };
		AB5B4B5EEB614E29B16EE6B1 /* Zocial.ttf */ = {isa = PBXFileReference; explicitFileType = undefined; fileEncoding = 9; includeInIndex = 0; lastKnownFileType = unknown; name = Zocial.ttf; path = "../node_modules/native-base/Fonts/Zocial.ttf"; sourceTree = "<group>"; };
		B51ECDFADD0D428BB5A787E7 /* SFProText-Medium.otf */ = {isa = PBXFileReference; explicitFileType = undefined; fileEncoding = 9; includeInIndex = 0; lastKnownFileType = unknown; name = "SFProText-Medium.otf"; path = "../src/assets/fonts/SFProText-Medium.otf"; sourceTree = "<group>"; };
		BA6B501F7D0E4C0AA9801722 /* FontAwesome5_Solid.ttf */ = {isa = PBXFileReference; explicitFileType = undefined; fileEncoding = 9; includeInIndex = 0; lastKnownFileType = unknown; name = FontAwesome5_Solid.ttf; path = "../node_modules/native-base/Fonts/FontAwesome5_Solid.ttf"; sourceTree = "<group>"; };
		C0BC27996D3187846C089FD4 /* Pods-CafeApp-tvOS.release.xcconfig */ = {isa = PBXFileReference; includeInIndex = 1; lastKnownFileType = text.xcconfig; name = "Pods-CafeApp-tvOS.release.xcconfig"; path = "Target Support Files/Pods-CafeApp-tvOS/Pods-CafeApp-tvOS.release.xcconfig"; sourceTree = "<group>"; };
		CE0F43BB21664FF0A0C120AE /* SFProDisplay-Bold.otf */ = {isa = PBXFileReference; explicitFileType = undefined; fileEncoding = 9; includeInIndex = 0; lastKnownFileType = unknown; name = "SFProDisplay-Bold.otf"; path = "../src/assets/fonts/SFProDisplay-Bold.otf"; sourceTree = "<group>"; };
		D6FA0DAC11FB4275891B87D8 /* FontAwesome5_Regular.ttf */ = {isa = PBXFileReference; explicitFileType = undefined; fileEncoding = 9; includeInIndex = 0; lastKnownFileType = unknown; name = FontAwesome5_Regular.ttf; path = "../node_modules/native-base/Fonts/FontAwesome5_Regular.ttf"; sourceTree = "<group>"; };
		DC5F4BE6AEA84AE9A3000FE3 /* SimpleLineIcons.ttf */ = {isa = PBXFileReference; explicitFileType = undefined; fileEncoding = 9; includeInIndex = 0; lastKnownFileType = unknown; name = SimpleLineIcons.ttf; path = "../node_modules/native-base/Fonts/SimpleLineIcons.ttf"; sourceTree = "<group>"; };
		DF81AB57B7654E40AE4CEF2D /* EvilIcons.ttf */ = {isa = PBXFileReference; explicitFileType = undefined; fileEncoding = 9; includeInIndex = 0; lastKnownFileType = unknown; name = EvilIcons.ttf; path = "../node_modules/native-base/Fonts/EvilIcons.ttf"; sourceTree = "<group>"; };
		E3897B5A5D4341339E0318D1 /* Ionicons.ttf */ = {isa = PBXFileReference; explicitFileType = undefined; fileEncoding = 9; includeInIndex = 0; lastKnownFileType = unknown; name = Ionicons.ttf; path = "../node_modules/native-base/Fonts/Ionicons.ttf"; sourceTree = "<group>"; };
		ED297162215061F000B7C4FE /* JavaScriptCore.framework */ = {isa = PBXFileReference; lastKnownFileType = wrapper.framework; name = JavaScriptCore.framework; path = System/Library/Frameworks/JavaScriptCore.framework; sourceTree = SDKROOT; };
		ED2971642150620600B7C4FE /* JavaScriptCore.framework */ = {isa = PBXFileReference; lastKnownFileType = wrapper.framework; name = JavaScriptCore.framework; path = Platforms/AppleTVOS.platform/Developer/SDKs/AppleTVOS12.0.sdk/System/Library/Frameworks/JavaScriptCore.framework; sourceTree = DEVELOPER_DIR; };
		F65167B81B1D42E8A1F4C3A4 /* FontAwesome5_Brands.ttf */ = {isa = PBXFileReference; explicitFileType = undefined; fileEncoding = 9; includeInIndex = 0; lastKnownFileType = unknown; name = FontAwesome5_Brands.ttf; path = "../node_modules/native-base/Fonts/FontAwesome5_Brands.ttf"; sourceTree = "<group>"; };
		FAB392BB96D74392BA987EF0 /* MaterialIcons.ttf */ = {isa = PBXFileReference; explicitFileType = undefined; fileEncoding = 9; includeInIndex = 0; lastKnownFileType = unknown; name = MaterialIcons.ttf; path = "../node_modules/native-base/Fonts/MaterialIcons.ttf"; sourceTree = "<group>"; };
/* End PBXFileReference section */

/* Begin PBXFrameworksBuildPhase section */
		13B07F8C1A680F5B00A75B9A /* Frameworks */ = {
			isa = PBXFrameworksBuildPhase;
			buildActionMask = 2147483647;
			files = (
				D36E838CAE63B1104CD18CCB /* libPods-CafeApp.a in Frameworks */,
			);
			runOnlyForDeploymentPostprocessing = 0;
		};
		2D02E4781E0B4A5D006451C7 /* Frameworks */ = {
			isa = PBXFrameworksBuildPhase;
			buildActionMask = 2147483647;
			files = (
				9F7FDE08DB1A64AE0EB44918 /* libPods-CafeApp-tvOS.a in Frameworks */,
			);
			runOnlyForDeploymentPostprocessing = 0;
		};
		2D02E48D1E0B4A5D006451C7 /* Frameworks */ = {
			isa = PBXFrameworksBuildPhase;
			buildActionMask = 2147483647;
			files = (
				06DB137A2455365F05636734 /* libPods-CafeApp-tvOSTests.a in Frameworks */,
			);
			runOnlyForDeploymentPostprocessing = 0;
		};
/* End PBXFrameworksBuildPhase section */

/* Begin PBXGroup section */
		00E356EF1AD99517003FC87E /* CafeAppTests */ = {
			isa = PBXGroup;
			children = (
				00E356F21AD99517003FC87E /* CafeAppTests.m */,
				00E356F01AD99517003FC87E /* Supporting Files */,
			);
			path = CafeAppTests;
			sourceTree = "<group>";
		};
		00E356F01AD99517003FC87E /* Supporting Files */ = {
			isa = PBXGroup;
			children = (
				00E356F11AD99517003FC87E /* Info.plist */,
			);
			name = "Supporting Files";
			sourceTree = "<group>";
		};
		13B07FAE1A68108700A75B9A /* CafeApp */ = {
			isa = PBXGroup;
			children = (
				008F07F21AC5B25A0029DE68 /* main.jsbundle */,
				13B07FAF1A68108700A75B9A /* AppDelegate.h */,
				13B07FB01A68108700A75B9A /* AppDelegate.m */,
				13B07FB51A68108700A75B9A /* Images.xcassets */,
				13B07FB61A68108700A75B9A /* Info.plist */,
				13B07FB71A68108700A75B9A /* main.m */,
			);
			name = CafeApp;
			sourceTree = "<group>";
		};
		2D16E6871FA4F8E400B85C8A /* Frameworks */ = {
			isa = PBXGroup;
			children = (
				ED297162215061F000B7C4FE /* JavaScriptCore.framework */,
				ED2971642150620600B7C4FE /* JavaScriptCore.framework */,
				819E25C20CCA460459B8FCF1 /* libPods-CafeApp.a */,
				81EF9FCBD6D93D4DB59989A6 /* libPods-CafeApp-CafeAppTests.a */,
				85E1BA01929E7788E8261BF4 /* libPods-CafeApp-tvOS.a */,
				02E95D3AD05F38DB338E503C /* libPods-CafeApp-tvOSTests.a */,
			);
			name = Frameworks;
			sourceTree = "<group>";
		};
		6803FCF66764A95F32912617 /* Pods */ = {
			isa = PBXGroup;
			children = (
				23A7DBCD9428BEDA694DB744 /* Pods-CafeApp.debug.xcconfig */,
				9C83B0A790A43B6D3E858798 /* Pods-CafeApp.release.xcconfig */,
				773FCF2CC7E188BA4111DD84 /* Pods-CafeApp-CafeAppTests.debug.xcconfig */,
				07F1107A26D1B59B81B4F6B1 /* Pods-CafeApp-CafeAppTests.release.xcconfig */,
				0436E33DD9E7C299EEDCE263 /* Pods-CafeApp-tvOS.debug.xcconfig */,
				C0BC27996D3187846C089FD4 /* Pods-CafeApp-tvOS.release.xcconfig */,
				24605CA57C0E1A76D6F65E9E /* Pods-CafeApp-tvOSTests.debug.xcconfig */,
				18C6087266AD29F6E91F8DD7 /* Pods-CafeApp-tvOSTests.release.xcconfig */,
			);
			path = Pods;
			sourceTree = "<group>";
		};
		832341AE1AAA6A7D00B99B32 /* Libraries */ = {
			isa = PBXGroup;
			children = (
			);
			name = Libraries;
			sourceTree = "<group>";
		};
		83CBB9F61A601CBA00E9B192 = {
			isa = PBXGroup;
			children = (
				4AA0D25625EA12520031663D /* File.swift */,
				13B07FAE1A68108700A75B9A /* CafeApp */,
				832341AE1AAA6A7D00B99B32 /* Libraries */,
				00E356EF1AD99517003FC87E /* CafeAppTests */,
				83CBBA001A601CBA00E9B192 /* Products */,
				2D16E6871FA4F8E400B85C8A /* Frameworks */,
				C4FBBF7C05C14EC1879B02DB /* Resources */,
				6803FCF66764A95F32912617 /* Pods */,
				4AA0D25525EA12510031663D /* CafeApp-Bridging-Header.h */,
			);
			indentWidth = 2;
			sourceTree = "<group>";
			tabWidth = 2;
			usesTabs = 0;
		};
		83CBBA001A601CBA00E9B192 /* Products */ = {
			isa = PBXGroup;
			children = (
				13B07F961A680F5B00A75B9A /* CafeApp.app */,
				2D02E47B1E0B4A5D006451C7 /* CafeApp-tvOS.app */,
				2D02E4901E0B4A5D006451C7 /* CafeApp-tvOSTests.xctest */,
			);
			name = Products;
			sourceTree = "<group>";
		};
		C4FBBF7C05C14EC1879B02DB /* Resources */ = {
			isa = PBXGroup;
			children = (
				CE0F43BB21664FF0A0C120AE /* SFProDisplay-Bold.otf */,
				12CC40602BD949A785D19CF5 /* SFProDisplay-Light.otf */,
				A13B1E6109C047DAA454F764 /* SFProDisplay-Medium.otf */,
				95A8878141D4411FA7CC6C1D /* SFProDisplay-Regular.otf */,
				8D64D349F7EC4F2C8C025BB9 /* SFProText-Bold.otf */,
				28BF93860E89417A8D342DF2 /* SFProText-Light.otf */,
				B51ECDFADD0D428BB5A787E7 /* SFProText-Medium.otf */,
				32482C4E534349CCAC6EE8A3 /* SFProText-Regular.otf */,
				930C47780E244AA695F25F16 /* AntDesign.ttf */,
				5A28843A9A1B41689ACAA258 /* Entypo.ttf */,
				DF81AB57B7654E40AE4CEF2D /* EvilIcons.ttf */,
				08E3C34332EC403A99E815A2 /* Feather.ttf */,
				79DE6ED689E3413991E03810 /* FontAwesome.ttf */,
				F65167B81B1D42E8A1F4C3A4 /* FontAwesome5_Brands.ttf */,
				D6FA0DAC11FB4275891B87D8 /* FontAwesome5_Regular.ttf */,
				BA6B501F7D0E4C0AA9801722 /* FontAwesome5_Solid.ttf */,
				825A8E408A1F4F41ABD28425 /* Fontisto.ttf */,
				325D3F52FEAC445080899C18 /* Foundation.ttf */,
				E3897B5A5D4341339E0318D1 /* Ionicons.ttf */,
				22FB57E98BDE43FEA998D4A8 /* MaterialCommunityIcons.ttf */,
				FAB392BB96D74392BA987EF0 /* MaterialIcons.ttf */,
				12C2B72E66534EAFACEC0F32 /* Octicons.ttf */,
				939D7B18AC754E44ABD1DBE0 /* Roboto_medium.ttf */,
				720062C4884F4398A2FD13EB /* Roboto.ttf */,
				2BC6B732BD4441D58B8F2DBE /* rubicon-icon-font.ttf */,
				DC5F4BE6AEA84AE9A3000FE3 /* SimpleLineIcons.ttf */,
				AB5B4B5EEB614E29B16EE6B1 /* Zocial.ttf */,
			);
			name = Resources;
			sourceTree = "<group>";
		};
/* End PBXGroup section */

/* Begin PBXNativeTarget section */
		13B07F861A680F5B00A75B9A /* CafeApp */ = {
			isa = PBXNativeTarget;
			buildConfigurationList = 13B07F931A680F5B00A75B9A /* Build configuration list for PBXNativeTarget "CafeApp" */;
			buildPhases = (
				58797EEA0AC06956A518FB96 /* [CP] Check Pods Manifest.lock */,
				FD10A7F022414F080027D42C /* Start Packager */,
				13B07F871A680F5B00A75B9A /* Sources */,
				13B07F8C1A680F5B00A75B9A /* Frameworks */,
				13B07F8E1A680F5B00A75B9A /* Resources */,
				00DD1BFF1BD5951E006B06BC /* Bundle React Native code and images */,
				C69D859A3853C5DF75E67EAA /* [CP] Embed Pods Frameworks */,
				CF5D5B5948BBE4D3E4F4AA8F /* [CP] Copy Pods Resources */,
			);
			buildRules = (
			);
			dependencies = (
			);
			name = CafeApp;
			productName = CafeApp;
			productReference = 13B07F961A680F5B00A75B9A /* CafeApp.app */;
			productType = "com.apple.product-type.application";
		};
		2D02E47A1E0B4A5D006451C7 /* CafeApp-tvOS */ = {
			isa = PBXNativeTarget;
			buildConfigurationList = 2D02E4BA1E0B4A5E006451C7 /* Build configuration list for PBXNativeTarget "CafeApp-tvOS" */;
			buildPhases = (
				5BB2838078E5EF9667D60287 /* [CP] Check Pods Manifest.lock */,
				FD10A7F122414F3F0027D42C /* Start Packager */,
				2D02E4771E0B4A5D006451C7 /* Sources */,
				2D02E4781E0B4A5D006451C7 /* Frameworks */,
				2D02E4791E0B4A5D006451C7 /* Resources */,
				2D02E4CB1E0B4B27006451C7 /* Bundle React Native Code And Images */,
			);
			buildRules = (
			);
			dependencies = (
			);
			name = "CafeApp-tvOS";
			productName = "CafeApp-tvOS";
			productReference = 2D02E47B1E0B4A5D006451C7 /* CafeApp-tvOS.app */;
			productType = "com.apple.product-type.application";
		};
		2D02E48F1E0B4A5D006451C7 /* CafeApp-tvOSTests */ = {
			isa = PBXNativeTarget;
			buildConfigurationList = 2D02E4BB1E0B4A5E006451C7 /* Build configuration list for PBXNativeTarget "CafeApp-tvOSTests" */;
			buildPhases = (
				BD3A9CA20A4517755577C673 /* [CP] Check Pods Manifest.lock */,
				2D02E48C1E0B4A5D006451C7 /* Sources */,
				2D02E48D1E0B4A5D006451C7 /* Frameworks */,
				2D02E48E1E0B4A5D006451C7 /* Resources */,
			);
			buildRules = (
			);
			dependencies = (
				2D02E4921E0B4A5D006451C7 /* PBXTargetDependency */,
			);
			name = "CafeApp-tvOSTests";
			productName = "CafeApp-tvOSTests";
			productReference = 2D02E4901E0B4A5D006451C7 /* CafeApp-tvOSTests.xctest */;
			productType = "com.apple.product-type.bundle.unit-test";
		};
/* End PBXNativeTarget section */

/* Begin PBXProject section */
		83CBB9F71A601CBA00E9B192 /* Project object */ = {
			isa = PBXProject;
			attributes = {
				LastUpgradeCheck = 940;
				ORGANIZATIONNAME = Facebook;
				TargetAttributes = {
					13B07F861A680F5B00A75B9A = {
						DevelopmentTeam = 9YV95T6G29;
						LastSwiftMigration = 1230;
					};
					2D02E47A1E0B4A5D006451C7 = {
						CreatedOnToolsVersion = 8.2.1;
						ProvisioningStyle = Automatic;
					};
					2D02E48F1E0B4A5D006451C7 = {
						CreatedOnToolsVersion = 8.2.1;
						ProvisioningStyle = Automatic;
						TestTargetID = 2D02E47A1E0B4A5D006451C7;
					};
				};
			};
			buildConfigurationList = 83CBB9FA1A601CBA00E9B192 /* Build configuration list for PBXProject "CafeApp" */;
			compatibilityVersion = "Xcode 3.2";
			developmentRegion = English;
			hasScannedForEncodings = 0;
			knownRegions = (
				English,
				en,
				Base,
			);
			mainGroup = 83CBB9F61A601CBA00E9B192;
			productRefGroup = 83CBBA001A601CBA00E9B192 /* Products */;
			projectDirPath = "";
			projectRoot = "";
			targets = (
				13B07F861A680F5B00A75B9A /* CafeApp */,
				2D02E47A1E0B4A5D006451C7 /* CafeApp-tvOS */,
				2D02E48F1E0B4A5D006451C7 /* CafeApp-tvOSTests */,
			);
		};
/* End PBXProject section */

/* Begin PBXResourcesBuildPhase section */
		13B07F8E1A680F5B00A75B9A /* Resources */ = {
			isa = PBXResourcesBuildPhase;
			buildActionMask = 2147483647;
			files = (
				13B07FBF1A68108700A75B9A /* Images.xcassets in Resources */,
				A7BFC1E51E694625BCDD04BD /* SFProDisplay-Bold.otf in Resources */,
				6575CE780951486DA19234B0 /* SFProDisplay-Light.otf in Resources */,
				F25F007E7E184A2AAC66F9E5 /* SFProDisplay-Medium.otf in Resources */,
				7D7FEB68CC2F424C9B532E39 /* SFProDisplay-Regular.otf in Resources */,
				3A59A4C293424439A519124B /* SFProText-Bold.otf in Resources */,
				07BA29DB237E43EC96E540B6 /* SFProText-Light.otf in Resources */,
				DED711917456454A9B023D4F /* SFProText-Medium.otf in Resources */,
				92D70C3A56934737B11C3BED /* SFProText-Regular.otf in Resources */,
				F474D252FBE04721946928BD /* AntDesign.ttf in Resources */,
				911B15AE61104650B68C8D22 /* Entypo.ttf in Resources */,
				B611DFAABC2646A28EB16DA8 /* EvilIcons.ttf in Resources */,
				D28FBD580E2A49E2A121CEBB /* Feather.ttf in Resources */,
				E903CCF9EC3A4990A1B58ED0 /* FontAwesome.ttf in Resources */,
				906E656797E74C239DD8A512 /* FontAwesome5_Brands.ttf in Resources */,
				0A48C61106764A15ABE332B7 /* FontAwesome5_Regular.ttf in Resources */,
				A695BB2C4B134AC9ABDE0F38 /* FontAwesome5_Solid.ttf in Resources */,
				A02E187F56A74641BC7B7521 /* Fontisto.ttf in Resources */,
				129213A3C229497F8725F8FE /* Foundation.ttf in Resources */,
				85686536193444FC9BDF4720 /* Ionicons.ttf in Resources */,
				1B328D438F684CFAB892A2B3 /* MaterialCommunityIcons.ttf in Resources */,
				69915781C55A4F3CA007A727 /* MaterialIcons.ttf in Resources */,
				DCE9941FF6724F489F696FB9 /* Octicons.ttf in Resources */,
				BBD993648EA24C0182FC5CB4 /* Roboto_medium.ttf in Resources */,
				333EFC418982446C900DE49E /* Roboto.ttf in Resources */,
				6E38A4C88FF144A5A6B7F6A1 /* rubicon-icon-font.ttf in Resources */,
				83A9926CFD84459690C766C1 /* SimpleLineIcons.ttf in Resources */,
				3EF97A9305FE4A4E9D20C520 /* Zocial.ttf in Resources */,
			);
			runOnlyForDeploymentPostprocessing = 0;
		};
		2D02E4791E0B4A5D006451C7 /* Resources */ = {
			isa = PBXResourcesBuildPhase;
			buildActionMask = 2147483647;
			files = (
				2D02E4BD1E0B4A84006451C7 /* Images.xcassets in Resources */,
			);
			runOnlyForDeploymentPostprocessing = 0;
		};
		2D02E48E1E0B4A5D006451C7 /* Resources */ = {
			isa = PBXResourcesBuildPhase;
			buildActionMask = 2147483647;
			files = (
			);
			runOnlyForDeploymentPostprocessing = 0;
		};
/* End PBXResourcesBuildPhase section */

/* Begin PBXShellScriptBuildPhase section */
		00DD1BFF1BD5951E006B06BC /* Bundle React Native code and images */ = {
			isa = PBXShellScriptBuildPhase;
			buildActionMask = 2147483647;
			files = (
			);
			inputPaths = (
			);
			name = "Bundle React Native code and images";
			outputPaths = (
			);
			runOnlyForDeploymentPostprocessing = 0;
			shellPath = /bin/sh;
			shellScript = "export NODE_BINARY=node\n../node_modules/react-native/scripts/react-native-xcode.sh\n";
		};
		2D02E4CB1E0B4B27006451C7 /* Bundle React Native Code And Images */ = {
			isa = PBXShellScriptBuildPhase;
			buildActionMask = 2147483647;
			files = (
			);
			inputPaths = (
			);
			name = "Bundle React Native Code And Images";
			outputPaths = (
			);
			runOnlyForDeploymentPostprocessing = 0;
			shellPath = /bin/sh;
			shellScript = "export NODE_BINARY=node\n../node_modules/react-native/scripts/react-native-xcode.sh";
		};
		58797EEA0AC06956A518FB96 /* [CP] Check Pods Manifest.lock */ = {
			isa = PBXShellScriptBuildPhase;
			buildActionMask = 2147483647;
			files = (
			);
			inputFileListPaths = (
			);
			inputPaths = (
				"${PODS_PODFILE_DIR_PATH}/Podfile.lock",
				"${PODS_ROOT}/Manifest.lock",
			);
			name = "[CP] Check Pods Manifest.lock";
			outputFileListPaths = (
			);
			outputPaths = (
				"$(DERIVED_FILE_DIR)/Pods-CafeApp-checkManifestLockResult.txt",
			);
			runOnlyForDeploymentPostprocessing = 0;
			shellPath = /bin/sh;
			shellScript = "diff \"${PODS_PODFILE_DIR_PATH}/Podfile.lock\" \"${PODS_ROOT}/Manifest.lock\" > /dev/null\nif [ $? != 0 ] ; then\n    # print error to STDERR\n    echo \"error: The sandbox is not in sync with the Podfile.lock. Run 'pod install' or update your CocoaPods installation.\" >&2\n    exit 1\nfi\n# This output is used by Xcode 'outputs' to avoid re-running this script phase.\necho \"SUCCESS\" > \"${SCRIPT_OUTPUT_FILE_0}\"\n";
			showEnvVarsInLog = 0;
		};
		5BB2838078E5EF9667D60287 /* [CP] Check Pods Manifest.lock */ = {
			isa = PBXShellScriptBuildPhase;
			buildActionMask = 2147483647;
			files = (
			);
			inputFileListPaths = (
			);
			inputPaths = (
				"${PODS_PODFILE_DIR_PATH}/Podfile.lock",
				"${PODS_ROOT}/Manifest.lock",
			);
			name = "[CP] Check Pods Manifest.lock";
			outputFileListPaths = (
			);
			outputPaths = (
				"$(DERIVED_FILE_DIR)/Pods-CafeApp-tvOS-checkManifestLockResult.txt",
			);
			runOnlyForDeploymentPostprocessing = 0;
			shellPath = /bin/sh;
			shellScript = "diff \"${PODS_PODFILE_DIR_PATH}/Podfile.lock\" \"${PODS_ROOT}/Manifest.lock\" > /dev/null\nif [ $? != 0 ] ; then\n    # print error to STDERR\n    echo \"error: The sandbox is not in sync with the Podfile.lock. Run 'pod install' or update your CocoaPods installation.\" >&2\n    exit 1\nfi\n# This output is used by Xcode 'outputs' to avoid re-running this script phase.\necho \"SUCCESS\" > \"${SCRIPT_OUTPUT_FILE_0}\"\n";
			showEnvVarsInLog = 0;
		};
		BD3A9CA20A4517755577C673 /* [CP] Check Pods Manifest.lock */ = {
			isa = PBXShellScriptBuildPhase;
			buildActionMask = 2147483647;
			files = (
			);
			inputFileListPaths = (
			);
			inputPaths = (
				"${PODS_PODFILE_DIR_PATH}/Podfile.lock",
				"${PODS_ROOT}/Manifest.lock",
			);
			name = "[CP] Check Pods Manifest.lock";
			outputFileListPaths = (
			);
			outputPaths = (
				"$(DERIVED_FILE_DIR)/Pods-CafeApp-tvOSTests-checkManifestLockResult.txt",
			);
			runOnlyForDeploymentPostprocessing = 0;
			shellPath = /bin/sh;
			shellScript = "diff \"${PODS_PODFILE_DIR_PATH}/Podfile.lock\" \"${PODS_ROOT}/Manifest.lock\" > /dev/null\nif [ $? != 0 ] ; then\n    # print error to STDERR\n    echo \"error: The sandbox is not in sync with the Podfile.lock. Run 'pod install' or update your CocoaPods installation.\" >&2\n    exit 1\nfi\n# This output is used by Xcode 'outputs' to avoid re-running this script phase.\necho \"SUCCESS\" > \"${SCRIPT_OUTPUT_FILE_0}\"\n";
			showEnvVarsInLog = 0;
		};
		C69D859A3853C5DF75E67EAA /* [CP] Embed Pods Frameworks */ = {
			isa = PBXShellScriptBuildPhase;
			buildActionMask = 2147483647;
			files = (
			);
			inputPaths = (
				"${PODS_ROOT}/Target Support Files/Pods-CafeApp/Pods-CafeApp-frameworks.sh",
				"${PODS_ROOT}/@react-native-mapbox-gl-mapbox-static/dynamic/MapboxMobileEvents.framework",
				"${PODS_ROOT}/@react-native-mapbox-gl-mapbox-static/dynamic/MapboxMobileEvents.framework.dSYM",
				"${PODS_ROOT}/@react-native-mapbox-gl-mapbox-static/dynamic/EF3F193B-8B19-3D7A-9C4D-CC7ACB8FD1B2.bcsymbolmap",
				"${PODS_ROOT}/@react-native-mapbox-gl-mapbox-static/dynamic/AF8AFA46-95A0-3C36-89B4-0A23D7D0A613.bcsymbolmap",
				"${PODS_ROOT}/@react-native-mapbox-gl-mapbox-static/dynamic/224E36C4-6533-3853-8416-A668FDC17C35.bcsymbolmap",
				"${PODS_ROOT}/@react-native-mapbox-gl-mapbox-static/dynamic/E1D60A9C-E180-3412-BFDB-809E8A1C178E.bcsymbolmap",
				"${PODS_ROOT}/Mapbox-iOS-SDK/dynamic/Mapbox.framework",
				"${PODS_ROOT}/Mapbox-iOS-SDK/dynamic/Mapbox.framework.dSYM",
				"${PODS_ROOT}/Mapbox-iOS-SDK/dynamic/EF3F193B-8B19-3D7A-9C4D-CC7ACB8FD1B2.bcsymbolmap",
				"${PODS_ROOT}/Mapbox-iOS-SDK/dynamic/AF8AFA46-95A0-3C36-89B4-0A23D7D0A613.bcsymbolmap",
				"${PODS_ROOT}/Mapbox-iOS-SDK/dynamic/224E36C4-6533-3853-8416-A668FDC17C35.bcsymbolmap",
				"${PODS_ROOT}/Mapbox-iOS-SDK/dynamic/E1D60A9C-E180-3412-BFDB-809E8A1C178E.bcsymbolmap",
			);
			name = "[CP] Embed Pods Frameworks";
			outputPaths = (
				"${TARGET_BUILD_DIR}/${FRAMEWORKS_FOLDER_PATH}/MapboxMobileEvents.framework",
				"${DWARF_DSYM_FOLDER_PATH}/MapboxMobileEvents.framework.dSYM",
				"${BUILT_PRODUCTS_DIR}/EF3F193B-8B19-3D7A-9C4D-CC7ACB8FD1B2.bcsymbolmap",
				"${BUILT_PRODUCTS_DIR}/AF8AFA46-95A0-3C36-89B4-0A23D7D0A613.bcsymbolmap",
				"${BUILT_PRODUCTS_DIR}/224E36C4-6533-3853-8416-A668FDC17C35.bcsymbolmap",
				"${BUILT_PRODUCTS_DIR}/E1D60A9C-E180-3412-BFDB-809E8A1C178E.bcsymbolmap",
				"${TARGET_BUILD_DIR}/${FRAMEWORKS_FOLDER_PATH}/Mapbox.framework",
				"${DWARF_DSYM_FOLDER_PATH}/Mapbox.framework.dSYM",
			);
			runOnlyForDeploymentPostprocessing = 0;
			shellPath = /bin/sh;
			shellScript = "\"${PODS_ROOT}/Target Support Files/Pods-CafeApp/Pods-CafeApp-frameworks.sh\"\n";
			showEnvVarsInLog = 0;
		};
		CF5D5B5948BBE4D3E4F4AA8F /* [CP] Copy Pods Resources */ = {
			isa = PBXShellScriptBuildPhase;
			buildActionMask = 2147483647;
			files = (
			);
			inputPaths = (
				"${PODS_ROOT}/Target Support Files/Pods-CafeApp/Pods-CafeApp-resources.sh",
				"${PODS_ROOT}/MapboxMobileEvents/MapboxMobileEvents/Resources/logger.html",
				"${PODS_CONFIGURATION_BUILD_DIR}/React-Core/AccessibilityResources.bundle",
			);
			name = "[CP] Copy Pods Resources";
			outputPaths = (
				"${TARGET_BUILD_DIR}/${UNLOCALIZED_RESOURCES_FOLDER_PATH}/logger.html",
				"${TARGET_BUILD_DIR}/${UNLOCALIZED_RESOURCES_FOLDER_PATH}/AccessibilityResources.bundle",
			);
			runOnlyForDeploymentPostprocessing = 0;
			shellPath = /bin/sh;
			shellScript = "\"${PODS_ROOT}/Target Support Files/Pods-CafeApp/Pods-CafeApp-resources.sh\"\n";
			showEnvVarsInLog = 0;
		};
		FD10A7F022414F080027D42C /* Start Packager */ = {
			isa = PBXShellScriptBuildPhase;
			buildActionMask = 2147483647;
			files = (
			);
			inputFileListPaths = (
			);
			inputPaths = (
			);
			name = "Start Packager";
			outputFileListPaths = (
			);
			outputPaths = (
			);
			runOnlyForDeploymentPostprocessing = 0;
			shellPath = /bin/sh;
			shellScript = "export RCT_METRO_PORT=\"${RCT_METRO_PORT:=8081}\"\necho \"export RCT_METRO_PORT=${RCT_METRO_PORT}\" > \"${SRCROOT}/../node_modules/react-native/scripts/.packager.env\"\nif [ -z \"${RCT_NO_LAUNCH_PACKAGER+xxx}\" ] ; then\n  if nc -w 5 -z localhost ${RCT_METRO_PORT} ; then\n    if ! curl -s \"http://localhost:${RCT_METRO_PORT}/status\" | grep -q \"packager-status:running\" ; then\n      echo \"Port ${RCT_METRO_PORT} already in use, packager is either not running or not running correctly\"\n      exit 2\n    fi\n  else\n    open \"$SRCROOT/../node_modules/react-native/scripts/launchPackager.command\" || echo \"Can't start packager automatically\"\n  fi\nfi\n";
			showEnvVarsInLog = 0;
		};
		FD10A7F122414F3F0027D42C /* Start Packager */ = {
			isa = PBXShellScriptBuildPhase;
			buildActionMask = 2147483647;
			files = (
			);
			inputFileListPaths = (
			);
			inputPaths = (
			);
			name = "Start Packager";
			outputFileListPaths = (
			);
			outputPaths = (
			);
			runOnlyForDeploymentPostprocessing = 0;
			shellPath = /bin/sh;
			shellScript = "export RCT_METRO_PORT=\"${RCT_METRO_PORT:=8081}\"\necho \"export RCT_METRO_PORT=${RCT_METRO_PORT}\" > \"${SRCROOT}/../node_modules/react-native/scripts/.packager.env\"\nif [ -z \"${RCT_NO_LAUNCH_PACKAGER+xxx}\" ] ; then\n  if nc -w 5 -z localhost ${RCT_METRO_PORT} ; then\n    if ! curl -s \"http://localhost:${RCT_METRO_PORT}/status\" | grep -q \"packager-status:running\" ; then\n      echo \"Port ${RCT_METRO_PORT} already in use, packager is either not running or not running correctly\"\n      exit 2\n    fi\n  else\n    open \"$SRCROOT/../node_modules/react-native/scripts/launchPackager.command\" || echo \"Can't start packager automatically\"\n  fi\nfi\n";
			showEnvVarsInLog = 0;
		};
/* End PBXShellScriptBuildPhase section */

/* Begin PBXSourcesBuildPhase section */
		13B07F871A680F5B00A75B9A /* Sources */ = {
			isa = PBXSourcesBuildPhase;
			buildActionMask = 2147483647;
			files = (
				13B07FBC1A68108700A75B9A /* AppDelegate.m in Sources */,
				4AA0D25725EA12520031663D /* File.swift in Sources */,
				13B07FC11A68108700A75B9A /* main.m in Sources */,
			);
			runOnlyForDeploymentPostprocessing = 0;
		};
		2D02E4771E0B4A5D006451C7 /* Sources */ = {
			isa = PBXSourcesBuildPhase;
			buildActionMask = 2147483647;
			files = (
				2D02E4BF1E0B4AB3006451C7 /* main.m in Sources */,
				2D02E4BC1E0B4A80006451C7 /* AppDelegate.m in Sources */,
			);
			runOnlyForDeploymentPostprocessing = 0;
		};
		2D02E48C1E0B4A5D006451C7 /* Sources */ = {
			isa = PBXSourcesBuildPhase;
			buildActionMask = 2147483647;
			files = (
				2DCD954D1E0B4F2C00145EB5 /* CafeAppTests.m in Sources */,
			);
			runOnlyForDeploymentPostprocessing = 0;
		};
/* End PBXSourcesBuildPhase section */

/* Begin PBXTargetDependency section */
		2D02E4921E0B4A5D006451C7 /* PBXTargetDependency */ = {
			isa = PBXTargetDependency;
			target = 2D02E47A1E0B4A5D006451C7 /* CafeApp-tvOS */;
			targetProxy = 2D02E4911E0B4A5D006451C7 /* PBXContainerItemProxy */;
		};
/* End PBXTargetDependency section */

/* Begin XCBuildConfiguration section */
		13B07F941A680F5B00A75B9A /* Debug */ = {
			isa = XCBuildConfiguration;
			baseConfigurationReference = 23A7DBCD9428BEDA694DB744 /* Pods-CafeApp.debug.xcconfig */;
			buildSettings = {
				ASSETCATALOG_COMPILER_APPICON_NAME = AppIcon;
				CLANG_ENABLE_MODULES = YES;
				CURRENT_PROJECT_VERSION = 12;
				DEAD_CODE_STRIPPING = NO;
				DEVELOPMENT_TEAM = 9YV95T6G29;
				INFOPLIST_FILE = CafeApp/Info.plist;
				IPHONEOS_DEPLOYMENT_TARGET = 10.0;
				LD_RUNPATH_SEARCH_PATHS = "$(inherited) @executable_path/Frameworks";
				MARKETING_VERSION = 1.0;
				OTHER_LDFLAGS = (
					"$(inherited)",
					"-ObjC",
					"-lc++",
				);
				PRODUCT_BUNDLE_IDENTIFIER = "org.reactjs.native.example.$(PRODUCT_NAME:rfc1034identifier)";
				PRODUCT_NAME = CafeApp;
				SWIFT_OBJC_BRIDGING_HEADER = "CafeApp-Bridging-Header.h";
				SWIFT_OPTIMIZATION_LEVEL = "-Onone";
				SWIFT_VERSION = 5.0;
				VERSIONING_SYSTEM = "apple-generic";
			};
			name = Debug;
		};
		13B07F951A680F5B00A75B9A /* Release */ = {
			isa = XCBuildConfiguration;
			baseConfigurationReference = 9C83B0A790A43B6D3E858798 /* Pods-CafeApp.release.xcconfig */;
			buildSettings = {
				ASSETCATALOG_COMPILER_APPICON_NAME = AppIcon;
				CLANG_ENABLE_MODULES = YES;
				CURRENT_PROJECT_VERSION = 12;
				DEVELOPMENT_TEAM = 9YV95T6G29;
				INFOPLIST_FILE = CafeApp/Info.plist;
				IPHONEOS_DEPLOYMENT_TARGET = 10.0;
				LD_RUNPATH_SEARCH_PATHS = "$(inherited) @executable_path/Frameworks";
				MARKETING_VERSION = 1.0;
				OTHER_LDFLAGS = (
					"$(inherited)",
					"-ObjC",
					"-lc++",
				);
				PRODUCT_BUNDLE_IDENTIFIER = "org.reactjs.native.example.$(PRODUCT_NAME:rfc1034identifier)";
				PRODUCT_NAME = CafeApp;
				SWIFT_OBJC_BRIDGING_HEADER = "CafeApp-Bridging-Header.h";
				SWIFT_VERSION = 5.0;
				VERSIONING_SYSTEM = "apple-generic";
			};
			name = Release;
		};
		2D02E4971E0B4A5E006451C7 /* Debug */ = {
			isa = XCBuildConfiguration;
			baseConfigurationReference = 0436E33DD9E7C299EEDCE263 /* Pods-CafeApp-tvOS.debug.xcconfig */;
			buildSettings = {
				ASSETCATALOG_COMPILER_APPICON_NAME = "App Icon & Top Shelf Image";
				ASSETCATALOG_COMPILER_LAUNCHIMAGE_NAME = LaunchImage;
				CLANG_ANALYZER_NONNULL = YES;
				CLANG_WARN_DOCUMENTATION_COMMENTS = YES;
				CLANG_WARN_INFINITE_RECURSION = YES;
				CLANG_WARN_SUSPICIOUS_MOVE = YES;
				DEBUG_INFORMATION_FORMAT = dwarf;
				ENABLE_TESTABILITY = YES;
				GCC_NO_COMMON_BLOCKS = YES;
				INFOPLIST_FILE = "CafeApp-tvOS/Info.plist";
				LD_RUNPATH_SEARCH_PATHS = "$(inherited) @executable_path/Frameworks";
				OTHER_LDFLAGS = (
					"$(inherited)",
					"-ObjC",
					"-lc++",
				);
				PRODUCT_BUNDLE_IDENTIFIER = "com.facebook.REACT.CafeApp-tvOS";
				PRODUCT_NAME = "$(TARGET_NAME)";
				SDKROOT = appletvos;
				TARGETED_DEVICE_FAMILY = 3;
				TVOS_DEPLOYMENT_TARGET = 9.2;
			};
			name = Debug;
		};
		2D02E4981E0B4A5E006451C7 /* Release */ = {
			isa = XCBuildConfiguration;
			baseConfigurationReference = C0BC27996D3187846C089FD4 /* Pods-CafeApp-tvOS.release.xcconfig */;
			buildSettings = {
				ASSETCATALOG_COMPILER_APPICON_NAME = "App Icon & Top Shelf Image";
				ASSETCATALOG_COMPILER_LAUNCHIMAGE_NAME = LaunchImage;
				CLANG_ANALYZER_NONNULL = YES;
				CLANG_WARN_DOCUMENTATION_COMMENTS = YES;
				CLANG_WARN_INFINITE_RECURSION = YES;
				CLANG_WARN_SUSPICIOUS_MOVE = YES;
				COPY_PHASE_STRIP = NO;
				DEBUG_INFORMATION_FORMAT = "dwarf-with-dsym";
				GCC_NO_COMMON_BLOCKS = YES;
				INFOPLIST_FILE = "CafeApp-tvOS/Info.plist";
				LD_RUNPATH_SEARCH_PATHS = "$(inherited) @executable_path/Frameworks";
				OTHER_LDFLAGS = (
					"$(inherited)",
					"-ObjC",
					"-lc++",
				);
				PRODUCT_BUNDLE_IDENTIFIER = "com.facebook.REACT.CafeApp-tvOS";
				PRODUCT_NAME = "$(TARGET_NAME)";
				SDKROOT = appletvos;
				TARGETED_DEVICE_FAMILY = 3;
				TVOS_DEPLOYMENT_TARGET = 9.2;
			};
			name = Release;
		};
		2D02E4991E0B4A5E006451C7 /* Debug */ = {
			isa = XCBuildConfiguration;
			baseConfigurationReference = 24605CA57C0E1A76D6F65E9E /* Pods-CafeApp-tvOSTests.debug.xcconfig */;
			buildSettings = {
				BUNDLE_LOADER = "$(TEST_HOST)";
				CLANG_ANALYZER_NONNULL = YES;
				CLANG_WARN_DOCUMENTATION_COMMENTS = YES;
				CLANG_WARN_INFINITE_RECURSION = YES;
				CLANG_WARN_SUSPICIOUS_MOVE = YES;
				DEBUG_INFORMATION_FORMAT = dwarf;
				ENABLE_TESTABILITY = YES;
				GCC_NO_COMMON_BLOCKS = YES;
				INFOPLIST_FILE = "CafeApp-tvOSTests/Info.plist";
				LD_RUNPATH_SEARCH_PATHS = "$(inherited) @executable_path/Frameworks @loader_path/Frameworks";
				OTHER_LDFLAGS = (
					"$(inherited)",
					"-ObjC",
					"-lc++",
				);
				PRODUCT_BUNDLE_IDENTIFIER = "com.facebook.REACT.CafeApp-tvOSTests";
				PRODUCT_NAME = "$(TARGET_NAME)";
				SDKROOT = appletvos;
				TEST_HOST = "$(BUILT_PRODUCTS_DIR)/CafeApp-tvOS.app/CafeApp-tvOS";
				TVOS_DEPLOYMENT_TARGET = 10.1;
			};
			name = Debug;
		};
		2D02E49A1E0B4A5E006451C7 /* Release */ = {
			isa = XCBuildConfiguration;
			baseConfigurationReference = 18C6087266AD29F6E91F8DD7 /* Pods-CafeApp-tvOSTests.release.xcconfig */;
			buildSettings = {
				BUNDLE_LOADER = "$(TEST_HOST)";
				CLANG_ANALYZER_NONNULL = YES;
				CLANG_WARN_DOCUMENTATION_COMMENTS = YES;
				CLANG_WARN_INFINITE_RECURSION = YES;
				CLANG_WARN_SUSPICIOUS_MOVE = YES;
				COPY_PHASE_STRIP = NO;
				DEBUG_INFORMATION_FORMAT = "dwarf-with-dsym";
				GCC_NO_COMMON_BLOCKS = YES;
				INFOPLIST_FILE = "CafeApp-tvOSTests/Info.plist";
				LD_RUNPATH_SEARCH_PATHS = "$(inherited) @executable_path/Frameworks @loader_path/Frameworks";
				OTHER_LDFLAGS = (
					"$(inherited)",
					"-ObjC",
					"-lc++",
				);
				PRODUCT_BUNDLE_IDENTIFIER = "com.facebook.REACT.CafeApp-tvOSTests";
				PRODUCT_NAME = "$(TARGET_NAME)";
				SDKROOT = appletvos;
				TEST_HOST = "$(BUILT_PRODUCTS_DIR)/CafeApp-tvOS.app/CafeApp-tvOS";
				TVOS_DEPLOYMENT_TARGET = 10.1;
			};
			name = Release;
		};
		83CBBA201A601CBA00E9B192 /* Debug */ = {
			isa = XCBuildConfiguration;
			buildSettings = {
				ALWAYS_SEARCH_USER_PATHS = NO;
				CLANG_CXX_LANGUAGE_STANDARD = "gnu++0x";
				CLANG_CXX_LIBRARY = "libc++";
				CLANG_ENABLE_MODULES = YES;
				CLANG_ENABLE_OBJC_ARC = YES;
				CLANG_WARN_BLOCK_CAPTURE_AUTORELEASING = YES;
				CLANG_WARN_BOOL_CONVERSION = YES;
				CLANG_WARN_COMMA = YES;
				CLANG_WARN_CONSTANT_CONVERSION = YES;
				CLANG_WARN_DEPRECATED_OBJC_IMPLEMENTATIONS = YES;
				CLANG_WARN_DIRECT_OBJC_ISA_USAGE = YES_ERROR;
				CLANG_WARN_EMPTY_BODY = YES;
				CLANG_WARN_ENUM_CONVERSION = YES;
				CLANG_WARN_INFINITE_RECURSION = YES;
				CLANG_WARN_INT_CONVERSION = YES;
				CLANG_WARN_NON_LITERAL_NULL_CONVERSION = YES;
				CLANG_WARN_OBJC_IMPLICIT_RETAIN_SELF = YES;
				CLANG_WARN_OBJC_LITERAL_CONVERSION = YES;
				CLANG_WARN_OBJC_ROOT_CLASS = YES_ERROR;
				CLANG_WARN_RANGE_LOOP_ANALYSIS = YES;
				CLANG_WARN_STRICT_PROTOTYPES = YES;
				CLANG_WARN_SUSPICIOUS_MOVE = YES;
				CLANG_WARN_UNREACHABLE_CODE = YES;
				CLANG_WARN__DUPLICATE_METHOD_MATCH = YES;
				"CODE_SIGN_IDENTITY[sdk=iphoneos*]" = "iPhone Developer";
				COPY_PHASE_STRIP = NO;
				ENABLE_STRICT_OBJC_MSGSEND = YES;
				ENABLE_TESTABILITY = YES;
				GCC_C_LANGUAGE_STANDARD = gnu99;
				GCC_DYNAMIC_NO_PIC = NO;
				GCC_NO_COMMON_BLOCKS = YES;
				GCC_OPTIMIZATION_LEVEL = 0;
				GCC_PREPROCESSOR_DEFINITIONS = (
					"DEBUG=1",
					"$(inherited)",
				);
				GCC_SYMBOLS_PRIVATE_EXTERN = NO;
				GCC_WARN_64_TO_32_BIT_CONVERSION = YES;
				GCC_WARN_ABOUT_RETURN_TYPE = YES_ERROR;
				GCC_WARN_UNDECLARED_SELECTOR = YES;
				GCC_WARN_UNINITIALIZED_AUTOS = YES_AGGRESSIVE;
				GCC_WARN_UNUSED_FUNCTION = YES;
				GCC_WARN_UNUSED_VARIABLE = YES;
				IPHONEOS_DEPLOYMENT_TARGET = 10.0;
				MTL_ENABLE_DEBUG_INFO = YES;
				ONLY_ACTIVE_ARCH = YES;
				SDKROOT = iphoneos;
			};
			name = Debug;
		};
		83CBBA211A601CBA00E9B192 /* Release */ = {
			isa = XCBuildConfiguration;
			buildSettings = {
				ALWAYS_SEARCH_USER_PATHS = NO;
				CLANG_CXX_LANGUAGE_STANDARD = "gnu++0x";
				CLANG_CXX_LIBRARY = "libc++";
				CLANG_ENABLE_MODULES = YES;
				CLANG_ENABLE_OBJC_ARC = YES;
				CLANG_WARN_BLOCK_CAPTURE_AUTORELEASING = YES;
				CLANG_WARN_BOOL_CONVERSION = YES;
				CLANG_WARN_COMMA = YES;
				CLANG_WARN_CONSTANT_CONVERSION = YES;
				CLANG_WARN_DEPRECATED_OBJC_IMPLEMENTATIONS = YES;
				CLANG_WARN_DIRECT_OBJC_ISA_USAGE = YES_ERROR;
				CLANG_WARN_EMPTY_BODY = YES;
				CLANG_WARN_ENUM_CONVERSION = YES;
				CLANG_WARN_INFINITE_RECURSION = YES;
				CLANG_WARN_INT_CONVERSION = YES;
				CLANG_WARN_NON_LITERAL_NULL_CONVERSION = YES;
				CLANG_WARN_OBJC_IMPLICIT_RETAIN_SELF = YES;
				CLANG_WARN_OBJC_LITERAL_CONVERSION = YES;
				CLANG_WARN_OBJC_ROOT_CLASS = YES_ERROR;
				CLANG_WARN_RANGE_LOOP_ANALYSIS = YES;
				CLANG_WARN_STRICT_PROTOTYPES = YES;
				CLANG_WARN_SUSPICIOUS_MOVE = YES;
				CLANG_WARN_UNREACHABLE_CODE = YES;
				CLANG_WARN__DUPLICATE_METHOD_MATCH = YES;
				"CODE_SIGN_IDENTITY[sdk=iphoneos*]" = "iPhone Developer";
				COPY_PHASE_STRIP = YES;
				ENABLE_NS_ASSERTIONS = NO;
				ENABLE_STRICT_OBJC_MSGSEND = YES;
				GCC_C_LANGUAGE_STANDARD = gnu99;
				GCC_NO_COMMON_BLOCKS = YES;
				GCC_WARN_64_TO_32_BIT_CONVERSION = YES;
				GCC_WARN_ABOUT_RETURN_TYPE = YES_ERROR;
				GCC_WARN_UNDECLARED_SELECTOR = YES;
				GCC_WARN_UNINITIALIZED_AUTOS = YES_AGGRESSIVE;
				GCC_WARN_UNUSED_FUNCTION = YES;
				GCC_WARN_UNUSED_VARIABLE = YES;
				IPHONEOS_DEPLOYMENT_TARGET = 10.0;
				MTL_ENABLE_DEBUG_INFO = NO;
				SDKROOT = iphoneos;
				VALIDATE_PRODUCT = YES;
			};
			name = Release;
		};
/* End XCBuildConfiguration section */

/* Begin XCConfigurationList section */
		13B07F931A680F5B00A75B9A /* Build configuration list for PBXNativeTarget "CafeApp" */ = {
			isa = XCConfigurationList;
			buildConfigurations = (
				13B07F941A680F5B00A75B9A /* Debug */,
				13B07F951A680F5B00A75B9A /* Release */,
			);
			defaultConfigurationIsVisible = 0;
			defaultConfigurationName = Release;
		};
		2D02E4BA1E0B4A5E006451C7 /* Build configuration list for PBXNativeTarget "CafeApp-tvOS" */ = {
			isa = XCConfigurationList;
			buildConfigurations = (
				2D02E4971E0B4A5E006451C7 /* Debug */,
				2D02E4981E0B4A5E006451C7 /* Release */,
			);
			defaultConfigurationIsVisible = 0;
			defaultConfigurationName = Release;
		};
		2D02E4BB1E0B4A5E006451C7 /* Build configuration list for PBXNativeTarget "CafeApp-tvOSTests" */ = {
			isa = XCConfigurationList;
			buildConfigurations = (
				2D02E4991E0B4A5E006451C7 /* Debug */,
				2D02E49A1E0B4A5E006451C7 /* Release */,
			);
			defaultConfigurationIsVisible = 0;
			defaultConfigurationName = Release;
		};
		83CBB9FA1A601CBA00E9B192 /* Build configuration list for PBXProject "CafeApp" */ = {
			isa = XCConfigurationList;
			buildConfigurations = (
				83CBBA201A601CBA00E9B192 /* Debug */,
				83CBBA211A601CBA00E9B192 /* Release */,
			);
			defaultConfigurationIsVisible = 0;
			defaultConfigurationName = Release;
		};
/* End XCConfigurationList section */
	};
	rootObject = 83CBB9F71A601CBA00E9B192 /* Project object */;
}
